<Solution>
  <Folder Name="/src/">
    <Project Path="src/FootballCareerSimulator.Application/FootballCareerSimulator.Application.csproj" />
    <Project Path="src/FootballCareerSimulator.Domain/FootballCareerSimulator.Domain.csproj" />
    <Project Path="src/FootballCareerSimulator.Infrastructure/FootballCareerSimulator.Infrastructure.csproj" />
    <Project Path="src/FootballCareerSimulator.Presentation/FootballCareerSimulator.Presentation.csproj">
      <BuildType Project="Debug" />
    </Project>
    <Project Path="src/FootballCareerSimulator.Simulation/FootballCareerSimulator.Simulation.csproj" />
  </Folder>
  <Folder Name="/tests/">
    <Project Path="tests/FootballCareerSimulator.Tests/FootballCareerSimulator.Tests.csproj" />
  </Folder>
  <Folder Name="/tools/">
    <Project Path="tools/FootballCareerSimulator.SimulationRunner/FootballCareerSimulator.SimulationRunner.csproj" />
  </Folder>
</Solution>
