<Solution>
  <Folder Name="/src/">
    <Project Path="src/FootballCareerSimulator.Application/FootballCareerSimulator.Application.csproj" />
    <Project Path="src/FootballCareerSimulator.Domain/FootballCareerSimulator.Domain.csproj" />
    <Project Path="src/FootballCareerSimulator.Simulation/FootballCareerSimulator.Simulation.csproj" />
  </Folder>
  <Folder Name="/tests/">
    <Project Path="tests/FootballCareerSimulator.Tests/FootballCareerSimulator.Tests.csproj" />
  </Folder>
</Solution>
