
Microsoft Visual Studio Solution File, Format Version 12.00
# Visual Studio Version 17
VisualStudioVersion = 17.0.31903.59
MinimumVisualStudioVersion = 10.0.40219.1
Project("{FAE04EC0-301F-11D3-BF4B-00C04F79EFBC}") = "FootballCareerSimulator.Presentation", "FootballCareerSimulator.Presentation.csproj", "{DB11A992-21E1-4BED-8B05-D105F67678E4}"
EndProject
Project("{FAE04EC0-301F-11D3-BF4B-00C04F79EFBC}") = "FootballCareerSimulator.Domain", "..\FootballCareerSimulator.Domain\FootballCareerSimulator.Domain.csproj", "{3CE709FB-20E7-456E-BB61-5BF29EB7DF64}"
EndProject
Project("{FAE04EC0-301F-11D3-BF4B-00C04F79EFBC}") = "FootballCareerSimulator.Simulation", "..\FootballCareerSimulator.Simulation\FootballCareerSimulator.Simulation.csproj", "{E35015EB-D5AC-428E-ADEA-E3DF98DC5180}"
EndProject
Project("{FAE04EC0-301F-11D3-BF4B-00C04F79EFBC}") = "FootballCareerSimulator.Application", "..\FootballCareerSimulator.Application\FootballCareerSimulator.Application.csproj", "{B4704751-0A51-4DCF-BF01-DFB7434F02AB}"
EndProject
Global
	GlobalSection(SolutionConfigurationPlatforms) = preSolution
		Debug|Any CPU = Debug|Any CPU
		Debug|x64 = Debug|x64
		Debug|x86 = Debug|x86
		Release|Any CPU = Release|Any CPU
		Release|x64 = Release|x64
		Release|x86 = Release|x86
	EndGlobalSection
	GlobalSection(ProjectConfigurationPlatforms) = postSolution
		{DB11A992-21E1-4BED-8B05-D105F67678E4}.Debug|Any CPU.ActiveCfg = Debug|Any CPU
		{DB11A992-21E1-4BED-8B05-D105F67678E4}.Debug|Any CPU.Build.0 = Debug|Any CPU
		{DB11A992-21E1-4BED-8B05-D105F67678E4}.Debug|x64.ActiveCfg = Debug|Any CPU
		{DB11A992-21E1-4BED-8B05-D105F67678E4}.Debug|x64.Build.0 = Debug|Any CPU
		{DB11A992-21E1-4BED-8B05-D105F67678E4}.Debug|x86.ActiveCfg = Debug|Any CPU
		{DB11A992-21E1-4BED-8B05-D105F67678E4}.Debug|x86.Build.0 = Debug|Any CPU
		{DB11A992-21E1-4BED-8B05-D105F67678E4}.Release|Any CPU.ActiveCfg = Debug|Any CPU
		{DB11A992-21E1-4BED-8B05-D105F67678E4}.Release|Any CPU.Build.0 = Debug|Any CPU
		{DB11A992-21E1-4BED-8B05-D105F67678E4}.Release|x64.ActiveCfg = Debug|Any CPU
		{DB11A992-21E1-4BED-8B05-D105F67678E4}.Release|x64.Build.0 = Debug|Any CPU
		{DB11A992-21E1-4BED-8B05-D105F67678E4}.Release|x86.ActiveCfg = Debug|Any CPU
		{DB11A992-21E1-4BED-8B05-D105F67678E4}.Release|x86.Build.0 = Debug|Any CPU
		{3CE709FB-20E7-456E-BB61-5BF29EB7DF64}.Debug|Any CPU.ActiveCfg = Debug|Any CPU
		{3CE709FB-20E7-456E-BB61-5BF29EB7DF64}.Debug|Any CPU.Build.0 = Debug|Any CPU
		{3CE709FB-20E7-456E-BB61-5BF29EB7DF64}.Debug|x64.ActiveCfg = Debug|Any CPU
		{3CE709FB-20E7-456E-BB61-5BF29EB7DF64}.Debug|x64.Build.0 = Debug|Any CPU
		{3CE709FB-20E7-456E-BB61-5BF29EB7DF64}.Debug|x86.ActiveCfg = Debug|Any CPU
		{3CE709FB-20E7-456E-BB61-5BF29EB7DF64}.Debug|x86.Build.0 = Debug|Any CPU
		{3CE709FB-20E7-456E-BB61-5BF29EB7DF64}.Release|Any CPU.ActiveCfg = Release|Any CPU
		{3CE709FB-20E7-456E-BB61-5BF29EB7DF64}.Release|Any CPU.Build.0 = Release|Any CPU
		{3CE709FB-20E7-456E-BB61-5BF29EB7DF64}.Release|x64.ActiveCfg = Release|Any CPU
		{3CE709FB-20E7-456E-BB61-5BF29EB7DF64}.Release|x64.Build.0 = Release|Any CPU
		{3CE709FB-20E7-456E-BB61-5BF29EB7DF64}.Release|x86.ActiveCfg = Release|Any CPU
		{3CE709FB-20E7-456E-BB61-5BF29EB7DF64}.Release|x86.Build.0 = Release|Any CPU
		{E35015EB-D5AC-428E-ADEA-E3DF98DC5180}.Debug|Any CPU.ActiveCfg = Debug|Any CPU
		{E35015EB-D5AC-428E-ADEA-E3DF98DC5180}.Debug|Any CPU.Build.0 = Debug|Any CPU
		{E35015EB-D5AC-428E-ADEA-E3DF98DC5180}.Debug|x64.ActiveCfg = Debug|Any CPU
		{E35015EB-D5AC-428E-ADEA-E3DF98DC5180}.Debug|x64.Build.0 = Debug|Any CPU
		{E35015EB-D5AC-428E-ADEA-E3DF98DC5180}.Debug|x86.ActiveCfg = Debug|Any CPU
		{E35015EB-D5AC-428E-ADEA-E3DF98DC5180}.Debug|x86.Build.0 = Debug|Any CPU
		{E35015EB-D5AC-428E-ADEA-E3DF98DC5180}.Release|Any CPU.ActiveCfg = Release|Any CPU
		{E35015EB-D5AC-428E-ADEA-E3DF98DC5180}.Release|Any CPU.Build.0 = Release|Any CPU
		{E35015EB-D5AC-428E-ADEA-E3DF98DC5180}.Release|x64.ActiveCfg = Release|Any CPU
		{E35015EB-D5AC-428E-ADEA-E3DF98DC5180}.Release|x64.Build.0 = Release|Any CPU
		{E35015EB-D5AC-428E-ADEA-E3DF98DC5180}.Release|x86.ActiveCfg = Release|Any CPU
		{E35015EB-D5AC-428E-ADEA-E3DF98DC5180}.Release|x86.Build.0 = Release|Any CPU
		{B4704751-0A51-4DCF-BF01-DFB7434F02AB}.Debug|Any CPU.ActiveCfg = Debug|Any CPU
		{B4704751-0A51-4DCF-BF01-DFB7434F02AB}.Debug|Any CPU.Build.0 = Debug|Any CPU
		{B4704751-0A51-4DCF-BF01-DFB7434F02AB}.Debug|x64.ActiveCfg = Debug|Any CPU
		{B4704751-0A51-4DCF-BF01-DFB7434F02AB}.Debug|x64.Build.0 = Debug|Any CPU
		{B4704751-0A51-4DCF-BF01-DFB7434F02AB}.Debug|x86.ActiveCfg = Debug|Any CPU
		{B4704751-0A51-4DCF-BF01-DFB7434F02AB}.Debug|x86.Build.0 = Debug|Any CPU
		{B4704751-0A51-4DCF-BF01-DFB7434F02AB}.Release|Any CPU.ActiveCfg = Release|Any CPU
		{B4704751-0A51-4DCF-BF01-DFB7434F02AB}.Release|Any CPU.Build.0 = Release|Any CPU
		{B4704751-0A51-4DCF-BF01-DFB7434F02AB}.Release|x64.ActiveCfg = Release|Any CPU
		{B4704751-0A51-4DCF-BF01-DFB7434F02AB}.Release|x64.Build.0 = Release|Any CPU
		{B4704751-0A51-4DCF-BF01-DFB7434F02AB}.Release|x86.ActiveCfg = Release|Any CPU
		{B4704751-0A51-4DCF-BF01-DFB7434F02AB}.Release|x86.Build.0 = Release|Any CPU
	EndGlobalSection
	GlobalSection(SolutionProperties) = preSolution
		HideSolutionNode = FALSE
	EndGlobalSection
EndGlobal
